
Microsoft Visual Studio Solution File, Format Version 12.00
# Visual Studio Version 16
VisualStudioVersion = 16.0.30320.27
MinimumVisualStudioVersion = 10.0.40219.1
Project("{FAE04EC0-301F-11D3-BF4B-00C04F79EFBC}") = "TP01", "TP01\TP01.csproj", "{7F72FB04-A8A6-4C25-8DAB-9A9FE406E209}"
EndProject
Global
	GlobalSection(SolutionConfigurationPlatforms) = preSolution
		Debug|Any CPU = Debug|Any CPU
		Release|Any CPU = Release|Any CPU
	EndGlobalSection
	GlobalSection(ProjectConfigurationPlatforms) = postSolution
		{7F72FB04-A8A6-4C25-8DAB-9A9FE406E209}.Debug|Any CPU.ActiveCfg = Debug|Any CPU
		{7F72FB04-A8A6-4C25-8DAB-9A9FE406E209}.Debug|Any CPU.Build.0 = Debug|Any CPU
		{7F72FB04-A8A6-4C25-8DAB-9A9FE406E209}.Release|Any CPU.ActiveCfg = Release|Any CPU
		{7F72FB04-A8A6-4C25-8DAB-9A9FE406E209}.Release|Any CPU.Build.0 = Release|Any CPU
	EndGlobalSection
	GlobalSection(SolutionProperties) = preSolution
		HideSolutionNode = FALSE
	EndGlobalSection
	GlobalSection(ExtensibilityGlobals) = postSolution
		SolutionGuid = {1B9861CE-6264-4A9F-891B-42D712DFA2F7}
	EndGlobalSection
EndGlobal
